// !$*UTF8*$!
{
	archiveVersion = 1;
	classes = {
	};
	objectVersion = 46;
	objects = {

/* Begin PBXBuildFile section */
		CB276C081E766F9B002FEE56 /* RestaurantDetailViewController.swift in Sources */ = {isa = PBXBuildFile; fileRef = CB276C071E766F9B002FEE56 /* RestaurantDetailViewController.swift */; };
		CB69DB6C1E71D26B0069D090 /* RestaurantTableViewController.swift in Sources */ = {isa = PBXBuildFile; fileRef = CB69DB6B1E71D26B0069D090 /* RestaurantTableViewController.swift */; };
		CB69DB6E1E732E2D0069D090 /* RestaurantTableViewCell.swift in Sources */ = {isa = PBXBuildFile; fileRef = CB69DB6D1E732E2D0069D090 /* RestaurantTableViewCell.swift */; };
		CBA0DEFE1E71CCA900FC0FDE /* AppDelegate.swift in Sources */ = {isa = PBXBuildFile; fileRef = CBA0DEFD1E71CCA900FC0FDE /* AppDelegate.swift */; };
		CBA0DF031E71CCA900FC0FDE /* Main.storyboard in Resources */ = {isa = PBXBuildFile; fileRef = CBA0DF011E71CCA900FC0FDE /* Main.storyboard */; };
		CBA0DF051E71CCA900FC0FDE /* Assets.xcassets in Resources */ = {isa = PBXBuildFile; fileRef = CBA0DF041E71CCA900FC0FDE /* Assets.xcassets */; };
		CBA0DF081E71CCA900FC0FDE /* LaunchScreen.storyboard in Resources */ = {isa = PBXBuildFile; fileRef = CBA0DF061E71CCA900FC0FDE /* LaunchScreen.storyboard */; };
		CBCC8EA31E775EBD0025C561 /* Restaurant.swift in Sources */ = {isa = PBXBuildFile; fileRef = CBCC8EA21E775EBD0025C561 /* Restaurant.swift */; };
/* End PBXBuildFile section */

/* Begin PBXFileReference section */
		CB276C071E766F9B002FEE56 /* RestaurantDetailViewController.swift */ = {isa = PBXFileReference; fileEncoding = 4; lastKnownFileType = sourcecode.swift; path = RestaurantDetailViewController.swift; sourceTree = "<group>"; };
		CB69DB6B1E71D26B0069D090 /* RestaurantTableViewController.swift */ = {isa = PBXFileReference; fileEncoding = 4; lastKnownFileType = sourcecode.swift; path = RestaurantTableViewController.swift; sourceTree = "<group>"; };
		CB69DB6D1E732E2D0069D090 /* RestaurantTableViewCell.swift */ = {isa = PBXFileReference; fileEncoding = 4; lastKnownFileType = sourcecode.swift; path = RestaurantTableViewCell.swift; sourceTree = "<group>"; };
		CBA0DEFA1E71CCA900FC0FDE /* FoodPin.app */ = {isa = PBXFileReference; explicitFileType = wrapper.application; includeInIndex = 0; path = FoodPin.app; sourceTree = BUILT_PRODUCTS_DIR; };
		CBA0DEFD1E71CCA900FC0FDE /* AppDelegate.swift */ = {isa = PBXFileReference; lastKnownFileType = sourcecode.swift; path = AppDelegate.swift; sourceTree = "<group>"; };
		CBA0DF021E71CCA900FC0FDE /* Base */ = {isa = PBXFileReference; lastKnownFileType = file.storyboard; name = Base; path = Base.lproj/Main.storyboard; sourceTree = "<group>"; };
		CBA0DF041E71CCA900FC0FDE /* Assets.xcassets */ = {isa = PBXFileReference; lastKnownFileType = folder.assetcatalog; path = Assets.xcassets; sourceTree = "<group>"; };
		CBA0DF071E71CCA900FC0FDE /* Base */ = {isa = PBXFileReference; lastKnownFileType = file.storyboard; name = Base; path = Base.lproj/LaunchScreen.storyboard; sourceTree = "<group>"; };
		CBA0DF091E71CCA900FC0FDE /* Info.plist */ = {isa = PBXFileReference; lastKnownFileType = text.plist.xml; path = Info.plist; sourceTree = "<group>"; };
		CBCC8EA21E775EBD0025C561 /* Restaurant.swift */ = {isa = PBXFileReference; fileEncoding = 4; lastKnownFileType = sourcecode.swift; path = Restaurant.swift; sourceTree = "<group>"; };
/* End PBXFileReference section */

/* Begin PBXFrameworksBuildPhase section */
		CBA0DEF71E71CCA900FC0FDE /* Frameworks */ = {
			isa = PBXFrameworksBuildPhase;
			buildActionMask = 2147483647;
			files = (
			);
			runOnlyForDeploymentPostprocessing = 0;
		};
/* End PBXFrameworksBuildPhase section */

/* Begin PBXGroup section */
		CBA0DEF11E71CCA900FC0FDE = {
			isa = PBXGroup;
			children = (
				CBA0DEFC1E71CCA900FC0FDE /* FoodPin */,
				CBA0DEFB1E71CCA900FC0FDE /* Products */,
			);
			sourceTree = "<group>";
		};
		CBA0DEFB1E71CCA900FC0FDE /* Products */ = {
			isa = PBXGroup;
			children = (
				CBA0DEFA1E71CCA900FC0FDE /* FoodPin.app */,
			);
			name = Products;
			sourceTree = "<group>";
		};
		CBA0DEFC1E71CCA900FC0FDE /* FoodPin */ = {
			isa = PBXGroup;
			children = (
				CBA0DEFD1E71CCA900FC0FDE /* AppDelegate.swift */,
				CB69DB6B1E71D26B0069D090 /* RestaurantTableViewController.swift */,
				CB276C071E766F9B002FEE56 /* RestaurantDetailViewController.swift */,
				CB69DB6D1E732E2D0069D090 /* RestaurantTableViewCell.swift */,
				CBA0DF011E71CCA900FC0FDE /* Main.storyboard */,
				CBA0DF041E71CCA900FC0FDE /* Assets.xcassets */,
				CBA0DF061E71CCA900FC0FDE /* LaunchScreen.storyboard */,
				CBA0DF091E71CCA900FC0FDE /* Info.plist */,
				CBCC8EA21E775EBD0025C561 /* Restaurant.swift */,
			);
			path = FoodPin;
			sourceTree = "<group>";
		};
/* End PBXGroup section */

/* Begin PBXNativeTarget section */
		CBA0DEF91E71CCA900FC0FDE /* FoodPin */ = {
			isa = PBXNativeTarget;
			buildConfigurationList = CBA0DF0C1E71CCA900FC0FDE /* Build configuration list for PBXNativeTarget "FoodPin" */;
			buildPhases = (
				CBA0DEF61E71CCA900FC0FDE /* Sources */,
				CBA0DEF71E71CCA900FC0FDE /* Frameworks */,
				CBA0DEF81E71CCA900FC0FDE /* Resources */,
			);
			buildRules = (
			);
			dependencies = (
			);
			name = FoodPin;
			productName = FoodPin;
			productReference = CBA0DEFA1E71CCA900FC0FDE /* FoodPin.app */;
			productType = "com.apple.product-type.application";
		};
/* End PBXNativeTarget section */

/* Begin PBXProject section */
		CBA0DEF21E71CCA900FC0FDE /* Project object */ = {
			isa = PBXProject;
			attributes = {
				LastSwiftUpdateCheck = 0820;
				LastUpgradeCheck = 0820;
				ORGANIZATIONNAME = "Johnny Mandela";
				TargetAttributes = {
					CBA0DEF91E71CCA900FC0FDE = {
						CreatedOnToolsVersion = 8.2.1;
						ProvisioningStyle = Automatic;
					};
				};
			};
			buildConfigurationList = CBA0DEF51E71CCA900FC0FDE /* Build configuration list for PBXProject "FoodPin" */;
			compatibilityVersion = "Xcode 3.2";
			developmentRegion = English;
			hasScannedForEncodings = 0;
			knownRegions = (
				en,
				Base,
			);
			mainGroup = CBA0DEF11E71CCA900FC0FDE;
			productRefGroup = CBA0DEFB1E71CCA900FC0FDE /* Products */;
			projectDirPath = "";
			projectRoot = "";
			targets = (
				CBA0DEF91E71CCA900FC0FDE /* FoodPin */,
			);
		};
/* End PBXProject section */

/* Begin PBXResourcesBuildPhase section */
		CBA0DEF81E71CCA900FC0FDE /* Resources */ = {
			isa = PBXResourcesBuildPhase;
			buildActionMask = 2147483647;
			files = (
				CBA0DF081E71CCA900FC0FDE /* LaunchScreen.storyboard in Resources */,
				CBA0DF051E71CCA900FC0FDE /* Assets.xcassets in Resources */,
				CBA0DF031E71CCA900FC0FDE /* Main.storyboard in Resources */,
			);
			runOnlyForDeploymentPostprocessing = 0;
		};
/* End PBXResourcesBuildPhase section */

/* Begin PBXSourcesBuildPhase section */
		CBA0DEF61E71CCA900FC0FDE /* Sources */ = {
			isa = PBXSourcesBuildPhase;
			buildActionMask = 2147483647;
			files = (
				CBCC8EA31E775EBD0025C561 /* Restaurant.swift in Sources */,
				CBA0DEFE1E71CCA900FC0FDE /* AppDelegate.swift in Sources */,
				CB69DB6E1E732E2D0069D090 /* RestaurantTableViewCell.swift in Sources */,
				CB276C081E766F9B002FEE56 /* RestaurantDetailViewController.swift in Sources */,
				CB69DB6C1E71D26B0069D090 /* RestaurantTableViewController.swift in Sources */,
			);
			runOnlyForDeploymentPostprocessing = 0;
		};
/* End PBXSourcesBuildPhase section */

/* Begin PBXVariantGroup section */
		CBA0DF011E71CCA900FC0FDE /* Main.storyboard */ = {
			isa = PBXVariantGroup;
			children = (
				CBA0DF021E71CCA900FC0FDE /* Base */,
			);
			name = Main.storyboard;
			sourceTree = "<group>";
		};
		CBA0DF061E71CCA900FC0FDE /* LaunchScreen.storyboard */ = {
			isa = PBXVariantGroup;
			children = (
				CBA0DF071E71CCA900FC0FDE /* Base */,
			);
			name = LaunchScreen.storyboard;
			sourceTree = "<group>";
		};
/* End PBXVariantGroup section */

/* Begin XCBuildConfiguration section */
		CBA0DF0A1E71CCA900FC0FDE /* Debug */ = {
			isa = XCBuildConfiguration;
			buildSettings = {
				ALWAYS_SEARCH_USER_PATHS = NO;
				CLANG_ANALYZER_NONNULL = YES;
				CLANG_CXX_LANGUAGE_STANDARD = "gnu++0x";
				CLANG_CXX_LIBRARY = "libc++";
				CLANG_ENABLE_MODULES = YES;
				CLANG_ENABLE_OBJC_ARC = YES;
				CLANG_WARN_BOOL_CONVERSION = YES;
				CLANG_WARN_CONSTANT_CONVERSION = YES;
				CLANG_WARN_DIRECT_OBJC_ISA_USAGE = YES_ERROR;
				CLANG_WARN_DOCUMENTATION_COMMENTS = YES;
				CLANG_WARN_EMPTY_BODY = YES;
				CLANG_WARN_ENUM_CONVERSION = YES;
				CLANG_WARN_INFINITE_RECURSION = YES;
				CLANG_WARN_INT_CONVERSION = YES;
				CLANG_WARN_OBJC_ROOT_CLASS = YES_ERROR;
				CLANG_WARN_SUSPICIOUS_MOVE = YES;
				CLANG_WARN_UNREACHABLE_CODE = YES;
				CLANG_WARN__DUPLICATE_METHOD_MATCH = YES;
				"CODE_SIGN_IDENTITY[sdk=iphoneos*]" = "iPhone Developer";
				COPY_PHASE_STRIP = NO;
				DEBUG_INFORMATION_FORMAT = dwarf;
				ENABLE_STRICT_OBJC_MSGSEND = YES;
				ENABLE_TESTABILITY = YES;
				GCC_C_LANGUAGE_STANDARD = gnu99;
				GCC_DYNAMIC_NO_PIC = NO;
				GCC_NO_COMMON_BLOCKS = YES;
				GCC_OPTIMIZATION_LEVEL = 0;
				GCC_PREPROCESSOR_DEFINITIONS = (
					"DEBUG=1",
					"$(inherited)",
				);
				GCC_WARN_64_TO_32_BIT_CONVERSION = YES;
				GCC_WARN_ABOUT_RETURN_TYPE = YES_ERROR;
				GCC_WARN_UNDECLARED_SELECTOR = YES;
				GCC_WARN_UNINITIALIZED_AUTOS = YES_AGGRESSIVE;
				GCC_WARN_UNUSED_FUNCTION = YES;
				GCC_WARN_UNUSED_VARIABLE = YES;
				IPHONEOS_DEPLOYMENT_TARGET = 10.2;
				MTL_ENABLE_DEBUG_INFO = YES;
				ONLY_ACTIVE_ARCH = YES;
				SDKROOT = iphoneos;
				SWIFT_ACTIVE_COMPILATION_CONDITIONS = DEBUG;
				SWIFT_OPTIMIZATION_LEVEL = "-Onone";
			};
			name = Debug;
		};
		CBA0DF0B1E71CCA900FC0FDE /* Release */ = {
			isa = XCBuildConfiguration;
			buildSettings = {
				ALWAYS_SEARCH_USER_PATHS = NO;
				CLANG_ANALYZER_NONNULL = YES;
				CLANG_CXX_LANGUAGE_STANDARD = "gnu++0x";
				CLANG_CXX_LIBRARY = "libc++";
				CLANG_ENABLE_MODULES = YES;
				CLANG_ENABLE_OBJC_ARC = YES;
				CLANG_WARN_BOOL_CONVERSION = YES;
				CLANG_WARN_CONSTANT_CONVERSION = YES;
				CLANG_WARN_DIRECT_OBJC_ISA_USAGE = YES_ERROR;
				CLANG_WARN_DOCUMENTATION_COMMENTS = YES;
				CLANG_WARN_EMPTY_BODY = YES;
				CLANG_WARN_ENUM_CONVERSION = YES;
				CLANG_WARN_INFINITE_RECURSION = YES;
				CLANG_WARN_INT_CONVERSION = YES;
				CLANG_WARN_OBJC_ROOT_CLASS = YES_ERROR;
				CLANG_WARN_SUSPICIOUS_MOVE = YES;
				CLANG_WARN_UNREACHABLE_CODE = YES;
				CLANG_WARN__DUPLICATE_METHOD_MATCH = YES;
				"CODE_SIGN_IDENTITY[sdk=iphoneos*]" = "iPhone Developer";
				COPY_PHASE_STRIP = NO;
				DEBUG_INFORMATION_FORMAT = "dwarf-with-dsym";
				ENABLE_NS_ASSERTIONS = NO;
				ENABLE_STRICT_OBJC_MSGSEND = YES;
				GCC_C_LANGUAGE_STANDARD = gnu99;
				GCC_NO_COMMON_BLOCKS = YES;
				GCC_WARN_64_TO_32_BIT_CONVERSION = YES;
				GCC_WARN_ABOUT_RETURN_TYPE = YES_ERROR;
				GCC_WARN_UNDECLARED_SELECTOR = YES;
				GCC_WARN_UNINITIALIZED_AUTOS = YES_AGGRESSIVE;
				GCC_WARN_UNUSED_FUNCTION = YES;
				GCC_WARN_UNUSED_VARIABLE = YES;
				IPHONEOS_DEPLOYMENT_TARGET = 10.2;
				MTL_ENABLE_DEBUG_INFO = NO;
				SDKROOT = iphoneos;
				SWIFT_OPTIMIZATION_LEVEL = "-Owholemodule";
				VALIDATE_PRODUCT = YES;
			};
			name = Release;
		};
		CBA0DF0D1E71CCA900FC0FDE /* Debug */ = {
			isa = XCBuildConfiguration;
			buildSettings = {
				ASSETCATALOG_COMPILER_APPICON_NAME = AppIcon;
				INFOPLIST_FILE = FoodPin/Info.plist;
				LD_RUNPATH_SEARCH_PATHS = "$(inherited) @executable_path/Frameworks";
				PRODUCT_BUNDLE_IDENTIFIER = Bloc.io.FoodPin;
				PRODUCT_NAME = "$(TARGET_NAME)";
				SWIFT_VERSION = 3.0;
			};
			name = Debug;
		};
		CBA0DF0E1E71CCA900FC0FDE /* Release */ = {
			isa = XCBuildConfiguration;
			buildSettings = {
				ASSETCATALOG_COMPILER_APPICON_NAME = AppIcon;
				INFOPLIST_FILE = FoodPin/Info.plist;
				LD_RUNPATH_SEARCH_PATHS = "$(inherited) @executable_path/Frameworks";
				PRODUCT_BUNDLE_IDENTIFIER = Bloc.io.FoodPin;
				PRODUCT_NAME = "$(TARGET_NAME)";
				SWIFT_VERSION = 3.0;
			};
			name = Release;
		};
/* End XCBuildConfiguration section */

/* Begin XCConfigurationList section */
		CBA0DEF51E71CCA900FC0FDE /* Build configuration list for PBXProject "FoodPin" */ = {
			isa = XCConfigurationList;
			buildConfigurations = (
				CBA0DF0A1E71CCA900FC0FDE /* Debug */,
				CBA0DF0B1E71CCA900FC0FDE /* Release */,
			);
			defaultConfigurationIsVisible = 0;
			defaultConfigurationName = Release;
		};
		CBA0DF0C1E71CCA900FC0FDE /* Build configuration list for PBXNativeTarget "FoodPin" */ = {
			isa = XCConfigurationList;
			buildConfigurations = (
				CBA0DF0D1E71CCA900FC0FDE /* Debug */,
				CBA0DF0E1E71CCA900FC0FDE /* Release */,
			);
			defaultConfigurationIsVisible = 0;
			defaultConfigurationName = Release;
		};
/* End XCConfigurationList section */
	};
	rootObject = CBA0DEF21E71CCA900FC0FDE /* Project object */;
}
